// !$*UTF8*$!
{
	archiveVersion = 1;
	classes = {
	};
	objectVersion = 55;
	objects = {

/* Begin PBXBuildFile section */
		3AECE32B2784CAF500BFA22D /* AppDelegate.swift in Sources */ = {isa = PBXBuildFile; fileRef = 3AECE32A2784CAF500BFA22D /* AppDelegate.swift */; };
		3AECE32D2784CAF500BFA22D /* SceneDelegate.swift in Sources */ = {isa = PBXBuildFile; fileRef = 3AECE32C2784CAF500BFA22D /* SceneDelegate.swift */; };
		3AECE32F2784CAF500BFA22D /* ViewController.swift in Sources */ = {isa = PBXBuildFile; fileRef = 3AECE32E2784CAF500BFA22D /* ViewController.swift */; };
		3AECE3322784CAF500BFA22D /* Main.storyboard in Resources */ = {isa = PBXBuildFile; fileRef = 3AECE3302784CAF500BFA22D /* Main.storyboard */; };
		3AECE3352784CAF500BFA22D /* chat_app.xcdatamodeld in Sources */ = {isa = PBXBuildFile; fileRef = 3AECE3332784CAF500BFA22D /* chat_app.xcdatamodeld */; };
		3AECE3372784CAF600BFA22D /* Assets.xcassets in Resources */ = {isa = PBXBuildFile; fileRef = 3AECE3362784CAF600BFA22D /* Assets.xcassets */; };
		3AECE33A2784CAF600BFA22D /* LaunchScreen.storyboard in Resources */ = {isa = PBXBuildFile; fileRef = 3AECE3382784CAF600BFA22D /* LaunchScreen.storyboard */; };
		3AECE3612784CB5D00BFA22D /* FirebaseAuth in Frameworks */ = {isa = PBXBuildFile; productRef = 3AECE3602784CB5D00BFA22D /* FirebaseAuth */; };
		3AECE3632784CB5D00BFA22D /* FirebaseDatabase in Frameworks */ = {isa = PBXBuildFile; productRef = 3AECE3622784CB5D00BFA22D /* FirebaseDatabase */; };
		3AECE3652784CB5D00BFA22D /* FirebaseStorage in Frameworks */ = {isa = PBXBuildFile; productRef = 3AECE3642784CB5D00BFA22D /* FirebaseStorage */; };
		3AECE3682784CCCD00BFA22D /* FacebookLogin in Frameworks */ = {isa = PBXBuildFile; productRef = 3AECE3672784CCCD00BFA22D /* FacebookLogin */; };
		3AECE36B2784CD2200BFA22D /* MessageKit in Frameworks */ = {isa = PBXBuildFile; productRef = 3AECE36A2784CD2200BFA22D /* MessageKit */; };
		3AECE36E2784CD3B00BFA22D /* JGProgressHUD in Frameworks */ = {isa = PBXBuildFile; productRef = 3AECE36D2784CD3B00BFA22D /* JGProgressHUD */; };
		3AECE37A2784DF6A00BFA22D /* face.png in Resources */ = {isa = PBXBuildFile; fileRef = 3AECE3772784DF6A00BFA22D /* face.png */; };
		3AECE37B2784DF6A00BFA22D /* Facebook_Messenger-Logo.wine.png in Resources */ = {isa = PBXBuildFile; fileRef = 3AECE3782784DF6A00BFA22D /* Facebook_Messenger-Logo.wine.png */; };
		3AECE37C2784DF6A00BFA22D /* gog.png in Resources */ = {isa = PBXBuildFile; fileRef = 3AECE3792784DF6A00BFA22D /* gog.png */; };
		3AECE37E2784DFB500BFA22D /* convViewController.swift in Sources */ = {isa = PBXBuildFile; fileRef = 3AECE37D2784DFB500BFA22D /* convViewController.swift */; };
		3AECE3802784DFE900BFA22D /* regViewController.swift in Sources */ = {isa = PBXBuildFile; fileRef = 3AECE37F2784DFE900BFA22D /* regViewController.swift */; };
		3AECE3822784E04100BFA22D /* DBmanager.swift in Sources */ = {isa = PBXBuildFile; fileRef = 3AECE3812784E04100BFA22D /* DBmanager.swift */; };
		3AECE3842784E06700BFA22D /* user.swift in Sources */ = {isa = PBXBuildFile; fileRef = 3AECE3832784E06700BFA22D /* user.swift */; };
		3AECE3862784E0A900BFA22D /* chatViewController.swift in Sources */ = {isa = PBXBuildFile; fileRef = 3AECE3852784E0A900BFA22D /* chatViewController.swift */; };
		3AECE3882784E0C800BFA22D /* profileViewController.swift in Sources */ = {isa = PBXBuildFile; fileRef = 3AECE3872784E0C800BFA22D /* profileViewController.swift */; };
		3AECE38B2784EB2000BFA22D /* RealmSwift in Frameworks */ = {isa = PBXBuildFile; productRef = 3AECE38A2784EB2000BFA22D /* RealmSwift */; };
		3AECE38E2784EDE500BFA22D /* GoogleService-Info.plist in Resources */ = {isa = PBXBuildFile; fileRef = 3AECE38C2784EC9A00BFA22D /* GoogleService-Info.plist */; };
		3AECE3912785CFBB00BFA22D /* models.swift in Sources */ = {isa = PBXBuildFile; fileRef = 3AECE3902785CFBB00BFA22D /* models.swift */; };
/* End PBXBuildFile section */

/* Begin PBXFileReference section */
		3AECE3272784CAF500BFA22D /* chat app.app */ = {isa = PBXFileReference; explicitFileType = wrapper.application; includeInIndex = 0; path = "chat app.app"; sourceTree = BUILT_PRODUCTS_DIR; };
		3AECE32A2784CAF500BFA22D /* AppDelegate.swift */ = {isa = PBXFileReference; lastKnownFileType = sourcecode.swift; path = AppDelegate.swift; sourceTree = "<group>"; };
		3AECE32C2784CAF500BFA22D /* SceneDelegate.swift */ = {isa = PBXFileReference; lastKnownFileType = sourcecode.swift; path = SceneDelegate.swift; sourceTree = "<group>"; };
		3AECE32E2784CAF500BFA22D /* ViewController.swift */ = {isa = PBXFileReference; lastKnownFileType = sourcecode.swift; path = ViewController.swift; sourceTree = "<group>"; };
		3AECE3312784CAF500BFA22D /* Base */ = {isa = PBXFileReference; lastKnownFileType = file.storyboard; name = Base; path = Base.lproj/Main.storyboard; sourceTree = "<group>"; };
		3AECE3342784CAF500BFA22D /* chat_app.xcdatamodel */ = {isa = PBXFileReference; lastKnownFileType = wrapper.xcdatamodel; path = chat_app.xcdatamodel; sourceTree = "<group>"; };
		3AECE3362784CAF600BFA22D /* Assets.xcassets */ = {isa = PBXFileReference; lastKnownFileType = folder.assetcatalog; path = Assets.xcassets; sourceTree = "<group>"; };
		3AECE3392784CAF600BFA22D /* Base */ = {isa = PBXFileReference; lastKnownFileType = file.storyboard; name = Base; path = Base.lproj/LaunchScreen.storyboard; sourceTree = "<group>"; };
		3AECE33B2784CAF600BFA22D /* Info.plist */ = {isa = PBXFileReference; lastKnownFileType = text.plist.xml; path = Info.plist; sourceTree = "<group>"; };
		3AECE3442784CAF600BFA22D /* chat_appTests.swift */ = {isa = PBXFileReference; lastKnownFileType = sourcecode.swift; path = chat_appTests.swift; sourceTree = "<group>"; };
		3AECE34E2784CAF600BFA22D /* chat_appUITests.swift */ = {isa = PBXFileReference; lastKnownFileType = sourcecode.swift; path = chat_appUITests.swift; sourceTree = "<group>"; };
		3AECE3502784CAF600BFA22D /* chat_appUITestsLaunchTests.swift */ = {isa = PBXFileReference; lastKnownFileType = sourcecode.swift; path = chat_appUITestsLaunchTests.swift; sourceTree = "<group>"; };
		3AECE3772784DF6A00BFA22D /* face.png */ = {isa = PBXFileReference; lastKnownFileType = image.png; path = face.png; sourceTree = "<group>"; };
		3AECE3782784DF6A00BFA22D /* Facebook_Messenger-Logo.wine.png */ = {isa = PBXFileReference; lastKnownFileType = image.png; path = "Facebook_Messenger-Logo.wine.png"; sourceTree = "<group>"; };
		3AECE3792784DF6A00BFA22D /* gog.png */ = {isa = PBXFileReference; lastKnownFileType = image.png; path = gog.png; sourceTree = "<group>"; };
		3AECE37D2784DFB500BFA22D /* convViewController.swift */ = {isa = PBXFileReference; lastKnownFileType = sourcecode.swift; path = convViewController.swift; sourceTree = "<group>"; };
		3AECE37F2784DFE900BFA22D /* regViewController.swift */ = {isa = PBXFileReference; lastKnownFileType = sourcecode.swift; path = regViewController.swift; sourceTree = "<group>"; };
		3AECE3812784E04100BFA22D /* DBmanager.swift */ = {isa = PBXFileReference; lastKnownFileType = sourcecode.swift; path = DBmanager.swift; sourceTree = "<group>"; };
		3AECE3832784E06700BFA22D /* user.swift */ = {isa = PBXFileReference; lastKnownFileType = sourcecode.swift; path = user.swift; sourceTree = "<group>"; };
		3AECE3852784E0A900BFA22D /* chatViewController.swift */ = {isa = PBXFileReference; lastKnownFileType = sourcecode.swift; path = chatViewController.swift; sourceTree = "<group>"; };
		3AECE3872784E0C800BFA22D /* profileViewController.swift */ = {isa = PBXFileReference; lastKnownFileType = sourcecode.swift; path = profileViewController.swift; sourceTree = "<group>"; };
		3AECE38C2784EC9A00BFA22D /* GoogleService-Info.plist */ = {isa = PBXFileReference; fileEncoding = 4; lastKnownFileType = text.plist.xml; path = "GoogleService-Info.plist"; sourceTree = "<group>"; };
		3AECE3902785CFBB00BFA22D /* models.swift */ = {isa = PBXFileReference; lastKnownFileType = sourcecode.swift; path = models.swift; sourceTree = "<group>"; };
/* End PBXFileReference section */

/* Begin PBXFrameworksBuildPhase section */
		3AECE3242784CAF500BFA22D /* Frameworks */ = {
			isa = PBXFrameworksBuildPhase;
			buildActionMask = 2147483647;
			files = (
				3AECE3682784CCCD00BFA22D /* FacebookLogin in Frameworks */,
				3AECE3632784CB5D00BFA22D /* FirebaseDatabase in Frameworks */,
				3AECE38B2784EB2000BFA22D /* RealmSwift in Frameworks */,
				3AECE3612784CB5D00BFA22D /* FirebaseAuth in Frameworks */,
				3AECE3652784CB5D00BFA22D /* FirebaseStorage in Frameworks */,
				3AECE36E2784CD3B00BFA22D /* JGProgressHUD in Frameworks */,
				3AECE36B2784CD2200BFA22D /* MessageKit in Frameworks */,
			);
			runOnlyForDeploymentPostprocessing = 0;
		};
/* End PBXFrameworksBuildPhase section */

/* Begin PBXGroup section */
		3AECE31E2784CAF500BFA22D = {
			isa = PBXGroup;
			children = (
				3AECE3292784CAF500BFA22D /* chat app */,
				3AECE3432784CAF600BFA22D /* chat appTests */,
				3AECE34D2784CAF600BFA22D /* chat appUITests */,
				3AECE3282784CAF500BFA22D /* Products */,
				3AECE3892784EB2000BFA22D /* Frameworks */,
			);
			sourceTree = "<group>";
		};
		3AECE3282784CAF500BFA22D /* Products */ = {
			isa = PBXGroup;
			children = (
				3AECE3272784CAF500BFA22D /* chat app.app */,
			);
			name = Products;
			sourceTree = "<group>";
		};
		3AECE3292784CAF500BFA22D /* chat app */ = {
			isa = PBXGroup;
			children = (
				3AECE33B2784CAF600BFA22D /* Info.plist */,
				3AECE3732784DEB100BFA22D /* base */,
				3AECE3742784DEE300BFA22D /* controllers */,
				3AECE3762784DF0600BFA22D /* assets */,
				3AECE3722784DEA100BFA22D /* views */,
			);
			path = "chat app";
			sourceTree = "<group>";
		};
		3AECE3432784CAF600BFA22D /* chat appTests */ = {
			isa = PBXGroup;
			children = (
				3AECE3442784CAF600BFA22D /* chat_appTests.swift */,
			);
			path = "chat appTests";
			sourceTree = "<group>";
		};
		3AECE34D2784CAF600BFA22D /* chat appUITests */ = {
			isa = PBXGroup;
			children = (
				3AECE34E2784CAF600BFA22D /* chat_appUITests.swift */,
				3AECE3502784CAF600BFA22D /* chat_appUITestsLaunchTests.swift */,
			);
			path = "chat appUITests";
			sourceTree = "<group>";
		};
		3AECE3722784DEA100BFA22D /* views */ = {
			isa = PBXGroup;
			children = (
				3AECE3382784CAF600BFA22D /* LaunchScreen.storyboard */,
				3AECE3302784CAF500BFA22D /* Main.storyboard */,
			);
			path = views;
			sourceTree = "<group>";
		};
		3AECE3732784DEB100BFA22D /* base */ = {
			isa = PBXGroup;
			children = (
				3AECE38C2784EC9A00BFA22D /* GoogleService-Info.plist */,
				3AECE32A2784CAF500BFA22D /* AppDelegate.swift */,
				3AECE32C2784CAF500BFA22D /* SceneDelegate.swift */,
				3AECE3332784CAF500BFA22D /* chat_app.xcdatamodeld */,
				3AECE3362784CAF600BFA22D /* Assets.xcassets */,
			);
			path = base;
			sourceTree = "<group>";
		};
		3AECE3742784DEE300BFA22D /* controllers */ = {
			isa = PBXGroup;
			children = (
				3AECE32E2784CAF500BFA22D /* ViewController.swift */,
				3AECE37D2784DFB500BFA22D /* convViewController.swift */,
				3AECE37F2784DFE900BFA22D /* regViewController.swift */,
				3AECE3812784E04100BFA22D /* DBmanager.swift */,
				3AECE3832784E06700BFA22D /* user.swift */,
				3AECE3852784E0A900BFA22D /* chatViewController.swift */,
				3AECE3902785CFBB00BFA22D /* models.swift */,
				3AECE3872784E0C800BFA22D /* profileViewController.swift */,
			);
			path = controllers;
			sourceTree = "<group>";
		};
		3AECE3762784DF0600BFA22D /* assets */ = {
			isa = PBXGroup;
			children = (
				3AECE3772784DF6A00BFA22D /* face.png */,
				3AECE3782784DF6A00BFA22D /* Facebook_Messenger-Logo.wine.png */,
				3AECE3792784DF6A00BFA22D /* gog.png */,
			);
			path = assets;
			sourceTree = "<group>";
		};
		3AECE3892784EB2000BFA22D /* Frameworks */ = {
			isa = PBXGroup;
			children = (
			);
			name = Frameworks;
			sourceTree = "<group>";
		};
/* End PBXGroup section */

/* Begin PBXNativeTarget section */
		3AECE3262784CAF500BFA22D /* chat app */ = {
			isa = PBXNativeTarget;
			buildConfigurationList = 3AECE3542784CAF600BFA22D /* Build configuration list for PBXNativeTarget "chat app" */;
			buildPhases = (
				3AECE3232784CAF500BFA22D /* Sources */,
				3AECE3242784CAF500BFA22D /* Frameworks */,
				3AECE3252784CAF500BFA22D /* Resources */,
			);
			buildRules = (
			);
			dependencies = (
			);
			name = "chat app";
			packageProductDependencies = (
				3AECE3602784CB5D00BFA22D /* FirebaseAuth */,
				3AECE3622784CB5D00BFA22D /* FirebaseDatabase */,
				3AECE3642784CB5D00BFA22D /* FirebaseStorage */,
				3AECE3672784CCCD00BFA22D /* FacebookLogin */,
				3AECE36A2784CD2200BFA22D /* MessageKit */,
				3AECE36D2784CD3B00BFA22D /* JGProgressHUD */,
				3AECE38A2784EB2000BFA22D /* RealmSwift */,
			);
			productName = "chat app";
			productReference = 3AECE3272784CAF500BFA22D /* chat app.app */;
			productType = "com.apple.product-type.application";
		};
/* End PBXNativeTarget section */

/* Begin PBXProject section */
		3AECE31F2784CAF500BFA22D /* Project object */ = {
			isa = PBXProject;
			attributes = {
				BuildIndependentTargetsInParallel = 1;
				LastSwiftUpdateCheck = 1320;
				LastUpgradeCheck = 1320;
				TargetAttributes = {
					3AECE3262784CAF500BFA22D = {
						CreatedOnToolsVersion = 13.2.1;
					};
				};
			};
			buildConfigurationList = 3AECE3222784CAF500BFA22D /* Build configuration list for PBXProject "chat app" */;
			compatibilityVersion = "Xcode 13.0";
			developmentRegion = en;
			hasScannedForEncodings = 0;
			knownRegions = (
				en,
				Base,
			);
			mainGroup = 3AECE31E2784CAF500BFA22D;
			packageReferences = (
				3AECE35F2784CB5D00BFA22D /* XCRemoteSwiftPackageReference "firebase-ios-sdk" */,
				3AECE3662784CCCD00BFA22D /* XCRemoteSwiftPackageReference "facebook-ios-sdk" */,
				3AECE3692784CD2200BFA22D /* XCRemoteSwiftPackageReference "MessageKit" */,
				3AECE36C2784CD3B00BFA22D /* XCRemoteSwiftPackageReference "JGProgressHUD" */,
				3AECE36F2784CD5900BFA22D /* XCRemoteSwiftPackageReference "realm-swift" */,
			);
			productRefGroup = 3AECE3282784CAF500BFA22D /* Products */;
			projectDirPath = "";
			projectRoot = "";
			targets = (
				3AECE3262784CAF500BFA22D /* chat app */,
			);
		};
/* End PBXProject section */

/* Begin PBXResourcesBuildPhase section */
		3AECE3252784CAF500BFA22D /* Resources */ = {
			isa = PBXResourcesBuildPhase;
			buildActionMask = 2147483647;
			files = (
				3AECE33A2784CAF600BFA22D /* LaunchScreen.storyboard in Resources */,
				3AECE37A2784DF6A00BFA22D /* face.png in Resources */,
				3AECE37C2784DF6A00BFA22D /* gog.png in Resources */,
				3AECE3372784CAF600BFA22D /* Assets.xcassets in Resources */,
				3AECE37B2784DF6A00BFA22D /* Facebook_Messenger-Logo.wine.png in Resources */,
				3AECE38E2784EDE500BFA22D /* GoogleService-Info.plist in Resources */,
				3AECE3322784CAF500BFA22D /* Main.storyboard in Resources */,
			);
			runOnlyForDeploymentPostprocessing = 0;
		};
/* End PBXResourcesBuildPhase section */

/* Begin PBXSourcesBuildPhase section */
		3AECE3232784CAF500BFA22D /* Sources */ = {
			isa = PBXSourcesBuildPhase;
			buildActionMask = 2147483647;
			files = (
				3AECE32F2784CAF500BFA22D /* ViewController.swift in Sources */,
				3AECE3352784CAF500BFA22D /* chat_app.xcdatamodeld in Sources */,
				3AECE3822784E04100BFA22D /* DBmanager.swift in Sources */,
				3AECE32B2784CAF500BFA22D /* AppDelegate.swift in Sources */,
				3AECE3842784E06700BFA22D /* user.swift in Sources */,
				3AECE37E2784DFB500BFA22D /* convViewController.swift in Sources */,
				3AECE32D2784CAF500BFA22D /* SceneDelegate.swift in Sources */,
				3AECE3802784DFE900BFA22D /* regViewController.swift in Sources */,
				3AECE3882784E0C800BFA22D /* profileViewController.swift in Sources */,
				3AECE3862784E0A900BFA22D /* chatViewController.swift in Sources */,
				3AECE3912785CFBB00BFA22D /* models.swift in Sources */,
			);
			runOnlyForDeploymentPostprocessing = 0;
		};
/* End PBXSourcesBuildPhase section */

/* Begin PBXVariantGroup section */
		3AECE3302784CAF500BFA22D /* Main.storyboard */ = {
			isa = PBXVariantGroup;
			children = (
				3AECE3312784CAF500BFA22D /* Base */,
			);
			name = Main.storyboard;
			sourceTree = "<group>";
		};
		3AECE3382784CAF600BFA22D /* LaunchScreen.storyboard */ = {
			isa = PBXVariantGroup;
			children = (
				3AECE3392784CAF600BFA22D /* Base */,
			);
			name = LaunchScreen.storyboard;
			sourceTree = "<group>";
		};
/* End PBXVariantGroup section */

/* Begin XCBuildConfiguration section */
		3AECE3522784CAF600BFA22D /* Debug */ = {
			isa = XCBuildConfiguration;
			buildSettings = {
				ALWAYS_SEARCH_USER_PATHS = NO;
				CLANG_ANALYZER_NONNULL = YES;
				CLANG_ANALYZER_NUMBER_OBJECT_CONVERSION = YES_AGGRESSIVE;
				CLANG_CXX_LANGUAGE_STANDARD = "gnu++17";
				CLANG_CXX_LIBRARY = "libc++";
				CLANG_ENABLE_MODULES = YES;
				CLANG_ENABLE_OBJC_ARC = YES;
				CLANG_ENABLE_OBJC_WEAK = YES;
				CLANG_WARN_BLOCK_CAPTURE_AUTORELEASING = YES;
				CLANG_WARN_BOOL_CONVERSION = YES;
				CLANG_WARN_COMMA = YES;
				CLANG_WARN_CONSTANT_CONVERSION = YES;
				CLANG_WARN_DEPRECATED_OBJC_IMPLEMENTATIONS = YES;
				CLANG_WARN_DIRECT_OBJC_ISA_USAGE = YES_ERROR;
				CLANG_WARN_DOCUMENTATION_COMMENTS = YES;
				CLANG_WARN_EMPTY_BODY = YES;
				CLANG_WARN_ENUM_CONVERSION = YES;
				CLANG_WARN_INFINITE_RECURSION = YES;
				CLANG_WARN_INT_CONVERSION = YES;
				CLANG_WARN_NON_LITERAL_NULL_CONVERSION = YES;
				CLANG_WARN_OBJC_IMPLICIT_RETAIN_SELF = YES;
				CLANG_WARN_OBJC_LITERAL_CONVERSION = YES;
				CLANG_WARN_OBJC_ROOT_CLASS = YES_ERROR;
				CLANG_WARN_QUOTED_INCLUDE_IN_FRAMEWORK_HEADER = YES;
				CLANG_WARN_RANGE_LOOP_ANALYSIS = YES;
				CLANG_WARN_STRICT_PROTOTYPES = YES;
				CLANG_WARN_SUSPICIOUS_MOVE = YES;
				CLANG_WARN_UNGUARDED_AVAILABILITY = YES_AGGRESSIVE;
				CLANG_WARN_UNREACHABLE_CODE = YES;
				CLANG_WARN__DUPLICATE_METHOD_MATCH = YES;
				COPY_PHASE_STRIP = NO;
				DEBUG_INFORMATION_FORMAT = dwarf;
				ENABLE_STRICT_OBJC_MSGSEND = YES;
				ENABLE_TESTABILITY = YES;
				GCC_C_LANGUAGE_STANDARD = gnu11;
				GCC_DYNAMIC_NO_PIC = NO;
				GCC_NO_COMMON_BLOCKS = YES;
				GCC_OPTIMIZATION_LEVEL = 0;
				GCC_PREPROCESSOR_DEFINITIONS = (
					"DEBUG=1",
					"$(inherited)",
				);
				GCC_WARN_64_TO_32_BIT_CONVERSION = YES;
				GCC_WARN_ABOUT_RETURN_TYPE = YES_ERROR;
				GCC_WARN_UNDECLARED_SELECTOR = YES;
				GCC_WARN_UNINITIALIZED_AUTOS = YES_AGGRESSIVE;
				GCC_WARN_UNUSED_FUNCTION = YES;
				GCC_WARN_UNUSED_VARIABLE = YES;
				IPHONEOS_DEPLOYMENT_TARGET = 15.2;
				MTL_ENABLE_DEBUG_INFO = INCLUDE_SOURCE;
				MTL_FAST_MATH = YES;
				ONLY_ACTIVE_ARCH = YES;
				SDKROOT = iphoneos;
				SWIFT_ACTIVE_COMPILATION_CONDITIONS = DEBUG;
				SWIFT_OPTIMIZATION_LEVEL = "-Onone";
			};
			name = Debug;
		};
		3AECE3532784CAF600BFA22D /* Release */ = {
			isa = XCBuildConfiguration;
			buildSettings = {
				ALWAYS_SEARCH_USER_PATHS = NO;
				CLANG_ANALYZER_NONNULL = YES;
				CLANG_ANALYZER_NUMBER_OBJECT_CONVERSION = YES_AGGRESSIVE;
				CLANG_CXX_LANGUAGE_STANDARD = "gnu++17";
				CLANG_CXX_LIBRARY = "libc++";
				CLANG_ENABLE_MODULES = YES;
				CLANG_ENABLE_OBJC_ARC = YES;
				CLANG_ENABLE_OBJC_WEAK = YES;
				CLANG_WARN_BLOCK_CAPTURE_AUTORELEASING = YES;
				CLANG_WARN_BOOL_CONVERSION = YES;
				CLANG_WARN_COMMA = YES;
				CLANG_WARN_CONSTANT_CONVERSION = YES;
				CLANG_WARN_DEPRECATED_OBJC_IMPLEMENTATIONS = YES;
				CLANG_WARN_DIRECT_OBJC_ISA_USAGE = YES_ERROR;
				CLANG_WARN_DOCUMENTATION_COMMENTS = YES;
				CLANG_WARN_EMPTY_BODY = YES;
				CLANG_WARN_ENUM_CONVERSION = YES;
				CLANG_WARN_INFINITE_RECURSION = YES;
				CLANG_WARN_INT_CONVERSION = YES;
				CLANG_WARN_NON_LITERAL_NULL_CONVERSION = YES;
				CLANG_WARN_OBJC_IMPLICIT_RETAIN_SELF = YES;
				CLANG_WARN_OBJC_LITERAL_CONVERSION = YES;
				CLANG_WARN_OBJC_ROOT_CLASS = YES_ERROR;
				CLANG_WARN_QUOTED_INCLUDE_IN_FRAMEWORK_HEADER = YES;
				CLANG_WARN_RANGE_LOOP_ANALYSIS = YES;
				CLANG_WARN_STRICT_PROTOTYPES = YES;
				CLANG_WARN_SUSPICIOUS_MOVE = YES;
				CLANG_WARN_UNGUARDED_AVAILABILITY = YES_AGGRESSIVE;
				CLANG_WARN_UNREACHABLE_CODE = YES;
				CLANG_WARN__DUPLICATE_METHOD_MATCH = YES;
				COPY_PHASE_STRIP = NO;
				DEBUG_INFORMATION_FORMAT = "dwarf-with-dsym";
				ENABLE_NS_ASSERTIONS = NO;
				ENABLE_STRICT_OBJC_MSGSEND = YES;
				GCC_C_LANGUAGE_STANDARD = gnu11;
				GCC_NO_COMMON_BLOCKS = YES;
				GCC_WARN_64_TO_32_BIT_CONVERSION = YES;
				GCC_WARN_ABOUT_RETURN_TYPE = YES_ERROR;
				GCC_WARN_UNDECLARED_SELECTOR = YES;
				GCC_WARN_UNINITIALIZED_AUTOS = YES_AGGRESSIVE;
				GCC_WARN_UNUSED_FUNCTION = YES;
				GCC_WARN_UNUSED_VARIABLE = YES;
				IPHONEOS_DEPLOYMENT_TARGET = 15.2;
				MTL_ENABLE_DEBUG_INFO = NO;
				MTL_FAST_MATH = YES;
				SDKROOT = iphoneos;
				SWIFT_COMPILATION_MODE = wholemodule;
				SWIFT_OPTIMIZATION_LEVEL = "-O";
				VALIDATE_PRODUCT = YES;
			};
			name = Release;
		};
		3AECE3552784CAF600BFA22D /* Debug */ = {
			isa = XCBuildConfiguration;
			buildSettings = {
				ASSETCATALOG_COMPILER_APPICON_NAME = AppIcon;
				ASSETCATALOG_COMPILER_GLOBAL_ACCENT_COLOR_NAME = AccentColor;
				CODE_SIGN_STYLE = Automatic;
				CURRENT_PROJECT_VERSION = 1;
				GENERATE_INFOPLIST_FILE = YES;
				INFOPLIST_FILE = "chat app/Info.plist";
				INFOPLIST_KEY_UIApplicationSupportsIndirectInputEvents = YES;
				INFOPLIST_KEY_UILaunchStoryboardName = LaunchScreen;
				INFOPLIST_KEY_UIMainStoryboardFile = Main;
				INFOPLIST_KEY_UISupportedInterfaceOrientations_iPad = "UIInterfaceOrientationPortrait UIInterfaceOrientationPortraitUpsideDown UIInterfaceOrientationLandscapeLeft UIInterfaceOrientationLandscapeRight";
				INFOPLIST_KEY_UISupportedInterfaceOrientations_iPhone = "UIInterfaceOrientationPortrait UIInterfaceOrientationLandscapeLeft UIInterfaceOrientationLandscapeRight";
				LD_RUNPATH_SEARCH_PATHS = (
					"$(inherited)",
					"@executable_path/Frameworks",
				);
				MARKETING_VERSION = 1.0;
				PRODUCT_BUNDLE_IDENTIFIER = "faisal.chat-app";
				PRODUCT_NAME = "$(TARGET_NAME)";
				SWIFT_EMIT_LOC_STRINGS = YES;
				SWIFT_VERSION = 5.0;
				TARGETED_DEVICE_FAMILY = "1,2";
			};
			name = Debug;
		};
		3AECE3562784CAF600BFA22D /* Release */ = {
			isa = XCBuildConfiguration;
			buildSettings = {
				ASSETCATALOG_COMPILER_APPICON_NAME = AppIcon;
				ASSETCATALOG_COMPILER_GLOBAL_ACCENT_COLOR_NAME = AccentColor;
				CODE_SIGN_STYLE = Automatic;
				CURRENT_PROJECT_VERSION = 1;
				GENERATE_INFOPLIST_FILE = YES;
				INFOPLIST_FILE = "chat app/Info.plist";
				INFOPLIST_KEY_UIApplicationSupportsIndirectInputEvents = YES;
				INFOPLIST_KEY_UILaunchStoryboardName = LaunchScreen;
				INFOPLIST_KEY_UIMainStoryboardFile = Main;
				INFOPLIST_KEY_UISupportedInterfaceOrientations_iPad = "UIInterfaceOrientationPortrait UIInterfaceOrientationPortraitUpsideDown UIInterfaceOrientationLandscapeLeft UIInterfaceOrientationLandscapeRight";
				INFOPLIST_KEY_UISupportedInterfaceOrientations_iPhone = "UIInterfaceOrientationPortrait UIInterfaceOrientationLandscapeLeft UIInterfaceOrientationLandscapeRight";
				LD_RUNPATH_SEARCH_PATHS = (
					"$(inherited)",
					"@executable_path/Frameworks",
				);
				MARKETING_VERSION = 1.0;
				PRODUCT_BUNDLE_IDENTIFIER = "faisal.chat-app";
				PRODUCT_NAME = "$(TARGET_NAME)";
				SWIFT_EMIT_LOC_STRINGS = YES;
				SWIFT_VERSION = 5.0;
				TARGETED_DEVICE_FAMILY = "1,2";
			};
			name = Release;
		};
/* End XCBuildConfiguration section */

/* Begin XCConfigurationList section */
		3AECE3222784CAF500BFA22D /* Build configuration list for PBXProject "chat app" */ = {
			isa = XCConfigurationList;
			buildConfigurations = (
				3AECE3522784CAF600BFA22D /* Debug */,
				3AECE3532784CAF600BFA22D /* Release */,
			);
			defaultConfigurationIsVisible = 0;
			defaultConfigurationName = Release;
		};
		3AECE3542784CAF600BFA22D /* Build configuration list for PBXNativeTarget "chat app" */ = {
			isa = XCConfigurationList;
			buildConfigurations = (
				3AECE3552784CAF600BFA22D /* Debug */,
				3AECE3562784CAF600BFA22D /* Release */,
			);
			defaultConfigurationIsVisible = 0;
			defaultConfigurationName = Release;
		};
/* End XCConfigurationList section */

/* Begin XCRemoteSwiftPackageReference section */
		3AECE35F2784CB5D00BFA22D /* XCRemoteSwiftPackageReference "firebase-ios-sdk" */ = {
			isa = XCRemoteSwiftPackageReference;
			repositoryURL = "https://github.com/firebase/firebase-ios-sdk";
			requirement = {
				branch = master;
				kind = branch;
			};
		};
		3AECE3662784CCCD00BFA22D /* XCRemoteSwiftPackageReference "facebook-ios-sdk" */ = {
			isa = XCRemoteSwiftPackageReference;
			repositoryURL = "https://github.com/facebook/facebook-ios-sdk";
			requirement = {
				branch = main;
				kind = branch;
			};
		};
		3AECE3692784CD2200BFA22D /* XCRemoteSwiftPackageReference "MessageKit" */ = {
			isa = XCRemoteSwiftPackageReference;
			repositoryURL = "https://github.com/MessageKit/MessageKit";
			requirement = {
				branch = master;
				kind = branch;
			};
		};
		3AECE36C2784CD3B00BFA22D /* XCRemoteSwiftPackageReference "JGProgressHUD" */ = {
			isa = XCRemoteSwiftPackageReference;
			repositoryURL = "https://github.com/JonasGessner/JGProgressHUD";
			requirement = {
				branch = master;
				kind = branch;
			};
		};
		3AECE36F2784CD5900BFA22D /* XCRemoteSwiftPackageReference "realm-swift" */ = {
			isa = XCRemoteSwiftPackageReference;
			repositoryURL = "https://github.com/realm/realm-swift";
			requirement = {
				branch = master;
				kind = branch;
			};
		};
/* End XCRemoteSwiftPackageReference section */

/* Begin XCSwiftPackageProductDependency section */
		3AECE3602784CB5D00BFA22D /* FirebaseAuth */ = {
			isa = XCSwiftPackageProductDependency;
			package = 3AECE35F2784CB5D00BFA22D /* XCRemoteSwiftPackageReference "firebase-ios-sdk" */;
			productName = FirebaseAuth;
		};
		3AECE3622784CB5D00BFA22D /* FirebaseDatabase */ = {
			isa = XCSwiftPackageProductDependency;
			package = 3AECE35F2784CB5D00BFA22D /* XCRemoteSwiftPackageReference "firebase-ios-sdk" */;
			productName = FirebaseDatabase;
		};
		3AECE3642784CB5D00BFA22D /* FirebaseStorage */ = {
			isa = XCSwiftPackageProductDependency;
			package = 3AECE35F2784CB5D00BFA22D /* XCRemoteSwiftPackageReference "firebase-ios-sdk" */;
			productName = FirebaseStorage;
		};
		3AECE3672784CCCD00BFA22D /* FacebookLogin */ = {
			isa = XCSwiftPackageProductDependency;
			package = 3AECE3662784CCCD00BFA22D /* XCRemoteSwiftPackageReference "facebook-ios-sdk" */;
			productName = FacebookLogin;
		};
		3AECE36A2784CD2200BFA22D /* MessageKit */ = {
			isa = XCSwiftPackageProductDependency;
			package = 3AECE3692784CD2200BFA22D /* XCRemoteSwiftPackageReference "MessageKit" */;
			productName = MessageKit;
		};
		3AECE36D2784CD3B00BFA22D /* JGProgressHUD */ = {
			isa = XCSwiftPackageProductDependency;
			package = 3AECE36C2784CD3B00BFA22D /* XCRemoteSwiftPackageReference "JGProgressHUD" */;
			productName = JGProgressHUD;
		};
		3AECE38A2784EB2000BFA22D /* RealmSwift */ = {
			isa = XCSwiftPackageProductDependency;
			package = 3AECE36F2784CD5900BFA22D /* XCRemoteSwiftPackageReference "realm-swift" */;
			productName = RealmSwift;
		};
/* End XCSwiftPackageProductDependency section */

/* Begin XCVersionGroup section */
		3AECE3332784CAF500BFA22D /* chat_app.xcdatamodeld */ = {
			isa = XCVersionGroup;
			children = (
				3AECE3342784CAF500BFA22D /* chat_app.xcdatamodel */,
			);
			currentVersion = 3AECE3342784CAF500BFA22D /* chat_app.xcdatamodel */;
			path = chat_app.xcdatamodeld;
			sourceTree = "<group>";
			versionGroupType = wrapper.xcdatamodel;
		};
/* End XCVersionGroup section */
	};
	rootObject = 3AECE31F2784CAF500BFA22D /* Project object */;
}
